// !$*UTF8*$!
{
	archiveVersion = 1;
	classes = {
	};
	objectVersion = 56;
	objects = {

/* Begin PBXBuildFile section */
		FB2F48E12BA0B74A00650F88 /* SettingCloneAppApp.swift in Sources */ = {isa = PBXBuildFile; fileRef = FB2F48E02BA0B74A00650F88 /* SettingCloneAppApp.swift */; };
		FB2F48E32BA0B74A00650F88 /* ContentView.swift in Sources */ = {isa = PBXBuildFile; fileRef = FB2F48E22BA0B74A00650F88 /* ContentView.swift */; };
		FB2F48E52BA0B74B00650F88 /* Assets.xcassets in Resources */ = {isa = PBXBuildFile; fileRef = FB2F48E42BA0B74B00650F88 /* Assets.xcassets */; };
		FB2F48E82BA0B74B00650F88 /* Preview Assets.xcassets in Resources */ = {isa = PBXBuildFile; fileRef = FB2F48E72BA0B74B00650F88 /* Preview Assets.xcassets */; };
		FB2F48EF2BA7477100650F88 /* SettingRow.swift in Sources */ = {isa = PBXBuildFile; fileRef = FB2F48EE2BA7477100650F88 /* SettingRow.swift */; };
		FB968D502BA9D1CC00C610FF /* ControlCenterView.swift in Sources */ = {isa = PBXBuildFile; fileRef = FB968D4F2BA9D1CC00C610FF /* ControlCenterView.swift */; };
		FB968D8F2BAC026D00C610FF /* SettingView.swift in Sources */ = {isa = PBXBuildFile; fileRef = FB968D8E2BAC026D00C610FF /* SettingView.swift */; };
		FB968D912BAC02D900C610FF /* SettingSection.swift in Sources */ = {isa = PBXBuildFile; fileRef = FB968D902BAC02D900C610FF /* SettingSection.swift */; };
		FB968D932BAC02FB00C610FF /* Setting.swift in Sources */ = {isa = PBXBuildFile; fileRef = FB968D922BAC02FB00C610FF /* Setting.swift */; };
		FB968D962BAC076900C610FF /* data.swift in Sources */ = {isa = PBXBuildFile; fileRef = FB968D952BAC076900C610FF /* data.swift */; };
		FB968D982BAC081400C610FF /* User.swift in Sources */ = {isa = PBXBuildFile; fileRef = FB968D972BAC081400C610FF /* User.swift */; };
		FB968D9A2BAC0D9700C610FF /* NavigationManager.swift in Sources */ = {isa = PBXBuildFile; fileRef = FB968D992BAC0D9700C610FF /* NavigationManager.swift */; };
		FB968D9C2BAC156F00C610FF /* NavigationLinkRow.swift in Sources */ = {isa = PBXBuildFile; fileRef = FB968D9B2BAC156F00C610FF /* NavigationLinkRow.swift */; };
		FB968D9E2BAC162B00C610FF /* ToggleRow.swift in Sources */ = {isa = PBXBuildFile; fileRef = FB968D9D2BAC162B00C610FF /* ToggleRow.swift */; };
		FB968DA02BAC172000C610FF /* IconView.swift in Sources */ = {isa = PBXBuildFile; fileRef = FB968D9F2BAC172000C610FF /* IconView.swift */; };
		FB968DA32BAC1A5500C610FF /* ProfileRow.swift in Sources */ = {isa = PBXBuildFile; fileRef = FB968DA22BAC1A5500C610FF /* ProfileRow.swift */; };
		FB968DBB2BB0112000C610FF /* SoundsAndHapticsView.swift in Sources */ = {isa = PBXBuildFile; fileRef = FB968DBA2BB0112000C610FF /* SoundsAndHapticsView.swift */; };
		FBD358BB2BB7C472009CBE56 /* SettingEnvironmentData.swift in Sources */ = {isa = PBXBuildFile; fileRef = FBD358BA2BB7C472009CBE56 /* SettingEnvironmentData.swift */; };
		FBD358BD2BB7EEBA009CBE56 /* ControlCenterItem.swift in Sources */ = {isa = PBXBuildFile; fileRef = FBD358BC2BB7EEBA009CBE56 /* ControlCenterItem.swift */; };
		FBD358C02BBBC485009CBE56 /* ControlCenterViewModel.swift in Sources */ = {isa = PBXBuildFile; fileRef = FBD358BF2BBBC485009CBE56 /* ControlCenterViewModel.swift */; };
		FBD358C32BBFD57F009CBE56 /* KakaoSDK in Frameworks */ = {isa = PBXBuildFile; productRef = FBD358C22BBFD57F009CBE56 /* KakaoSDK */; };
/* End PBXBuildFile section */

/* Begin PBXFileReference section */
		FB2F48DD2BA0B74A00650F88 /* SettingCloneApp.app */ = {isa = PBXFileReference; explicitFileType = wrapper.application; includeInIndex = 0; path = SettingCloneApp.app; sourceTree = BUILT_PRODUCTS_DIR; };
		FB2F48E02BA0B74A00650F88 /* SettingCloneAppApp.swift */ = {isa = PBXFileReference; lastKnownFileType = sourcecode.swift; path = SettingCloneAppApp.swift; sourceTree = "<group>"; };
		FB2F48E22BA0B74A00650F88 /* ContentView.swift */ = {isa = PBXFileReference; lastKnownFileType = sourcecode.swift; path = ContentView.swift; sourceTree = "<group>"; };
		FB2F48E42BA0B74B00650F88 /* Assets.xcassets */ = {isa = PBXFileReference; lastKnownFileType = folder.assetcatalog; path = Assets.xcassets; sourceTree = "<group>"; };
		FB2F48E72BA0B74B00650F88 /* Preview Assets.xcassets */ = {isa = PBXFileReference; lastKnownFileType = folder.assetcatalog; path = "Preview Assets.xcassets"; sourceTree = "<group>"; };
		FB2F48EE2BA7477100650F88 /* SettingRow.swift */ = {isa = PBXFileReference; lastKnownFileType = sourcecode.swift; path = SettingRow.swift; sourceTree = "<group>"; };
		FB968D4F2BA9D1CC00C610FF /* ControlCenterView.swift */ = {isa = PBXFileReference; lastKnownFileType = sourcecode.swift; path = ControlCenterView.swift; sourceTree = "<group>"; };
		FB968D8E2BAC026D00C610FF /* SettingView.swift */ = {isa = PBXFileReference; lastKnownFileType = sourcecode.swift; path = SettingView.swift; sourceTree = "<group>"; };
		FB968D902BAC02D900C610FF /* SettingSection.swift */ = {isa = PBXFileReference; lastKnownFileType = sourcecode.swift; path = SettingSection.swift; sourceTree = "<group>"; };
		FB968D922BAC02FB00C610FF /* Setting.swift */ = {isa = PBXFileReference; lastKnownFileType = sourcecode.swift; path = Setting.swift; sourceTree = "<group>"; };
		FB968D952BAC076900C610FF /* data.swift */ = {isa = PBXFileReference; lastKnownFileType = sourcecode.swift; path = data.swift; sourceTree = "<group>"; };
		FB968D972BAC081400C610FF /* User.swift */ = {isa = PBXFileReference; lastKnownFileType = sourcecode.swift; path = User.swift; sourceTree = "<group>"; };
		FB968D992BAC0D9700C610FF /* NavigationManager.swift */ = {isa = PBXFileReference; lastKnownFileType = sourcecode.swift; path = NavigationManager.swift; sourceTree = "<group>"; };
		FB968D9B2BAC156F00C610FF /* NavigationLinkRow.swift */ = {isa = PBXFileReference; lastKnownFileType = sourcecode.swift; path = NavigationLinkRow.swift; sourceTree = "<group>"; };
		FB968D9D2BAC162B00C610FF /* ToggleRow.swift */ = {isa = PBXFileReference; lastKnownFileType = sourcecode.swift; path = ToggleRow.swift; sourceTree = "<group>"; };
		FB968D9F2BAC172000C610FF /* IconView.swift */ = {isa = PBXFileReference; lastKnownFileType = sourcecode.swift; path = IconView.swift; sourceTree = "<group>"; };
		FB968DA22BAC1A5500C610FF /* ProfileRow.swift */ = {isa = PBXFileReference; lastKnownFileType = sourcecode.swift; path = ProfileRow.swift; sourceTree = "<group>"; };
		FB968DBA2BB0112000C610FF /* SoundsAndHapticsView.swift */ = {isa = PBXFileReference; lastKnownFileType = sourcecode.swift; path = SoundsAndHapticsView.swift; sourceTree = "<group>"; };
		FBD358BA2BB7C472009CBE56 /* SettingEnvironmentData.swift */ = {isa = PBXFileReference; lastKnownFileType = sourcecode.swift; path = SettingEnvironmentData.swift; sourceTree = "<group>"; };
		FBD358BC2BB7EEBA009CBE56 /* ControlCenterItem.swift */ = {isa = PBXFileReference; lastKnownFileType = sourcecode.swift; path = ControlCenterItem.swift; sourceTree = "<group>"; };
		FBD358BF2BBBC485009CBE56 /* ControlCenterViewModel.swift */ = {isa = PBXFileReference; lastKnownFileType = sourcecode.swift; path = ControlCenterViewModel.swift; sourceTree = "<group>"; };
		FBD358C42BC3777D009CBE56 /* Info.plist */ = {isa = PBXFileReference; lastKnownFileType = text.plist; path = Info.plist; sourceTree = "<group>"; };
/* End PBXFileReference section */

/* Begin PBXFrameworksBuildPhase section */
		FB2F48DA2BA0B74A00650F88 /* Frameworks */ = {
			isa = PBXFrameworksBuildPhase;
			buildActionMask = 2147483647;
			files = (
				FBD358C32BBFD57F009CBE56 /* KakaoSDK in Frameworks */,
			);
			runOnlyForDeploymentPostprocessing = 0;
		};
/* End PBXFrameworksBuildPhase section */

/* Begin PBXGroup section */
		FB2F48D42BA0B74A00650F88 = {
			isa = PBXGroup;
			children = (
				FB2F48DF2BA0B74A00650F88 /* SettingCloneApp */,
				FB2F48DE2BA0B74A00650F88 /* Products */,
			);
			sourceTree = "<group>";
		};
		FB2F48DE2BA0B74A00650F88 /* Products */ = {
			isa = PBXGroup;
			children = (
				FB2F48DD2BA0B74A00650F88 /* SettingCloneApp.app */,
			);
			name = Products;
			sourceTree = "<group>";
		};
		FB2F48DF2BA0B74A00650F88 /* SettingCloneApp */ = {
			isa = PBXGroup;
			children = (
				FBD358C42BC3777D009CBE56 /* Info.plist */,
				FB968DA12BAC191C00C610FF /* Managers */,
				FB968D8B2BAC021400C610FF /* Views */,
				FB968D942BAC042800C610FF /* Components */,
				FBD358BE2BBBC46C009CBE56 /* ViewModels */,
				FB968D8C2BAC022800C610FF /* Models */,
				FB2F48E02BA0B74A00650F88 /* SettingCloneAppApp.swift */,
				FB2F48E22BA0B74A00650F88 /* ContentView.swift */,
				FB2F48E42BA0B74B00650F88 /* Assets.xcassets */,
				FB968D952BAC076900C610FF /* data.swift */,
				FB2F48E62BA0B74B00650F88 /* Preview Content */,
			);
			path = SettingCloneApp;
			sourceTree = "<group>";
		};
		FB2F48E62BA0B74B00650F88 /* Preview Content */ = {
			isa = PBXGroup;
			children = (
				FB2F48E72BA0B74B00650F88 /* Preview Assets.xcassets */,
			);
			path = "Preview Content";
			sourceTree = "<group>";
		};
		FB968D8B2BAC021400C610FF /* Views */ = {
			isa = PBXGroup;
			children = (
				FB968D8E2BAC026D00C610FF /* SettingView.swift */,
				FB968D4F2BA9D1CC00C610FF /* ControlCenterView.swift */,
				FB968DBA2BB0112000C610FF /* SoundsAndHapticsView.swift */,
			);
			path = Views;
			sourceTree = "<group>";
		};
		FB968D8C2BAC022800C610FF /* Models */ = {
			isa = PBXGroup;
			children = (
				FBD358BA2BB7C472009CBE56 /* SettingEnvironmentData.swift */,
				FB968D972BAC081400C610FF /* User.swift */,
				FB968D922BAC02FB00C610FF /* Setting.swift */,
				FB968D902BAC02D900C610FF /* SettingSection.swift */,
				FBD358BC2BB7EEBA009CBE56 /* ControlCenterItem.swift */,
			);
			path = Models;
			sourceTree = "<group>";
		};
		FB968D942BAC042800C610FF /* Components */ = {
			isa = PBXGroup;
			children = (
				FB2F48EE2BA7477100650F88 /* SettingRow.swift */,
				FB968D9B2BAC156F00C610FF /* NavigationLinkRow.swift */,
				FB968D9D2BAC162B00C610FF /* ToggleRow.swift */,
				FB968D9F2BAC172000C610FF /* IconView.swift */,
				FB968DA22BAC1A5500C610FF /* ProfileRow.swift */,
			);
			path = Components;
			sourceTree = "<group>";
		};
		FB968DA12BAC191C00C610FF /* Managers */ = {
			isa = PBXGroup;
			children = (
				FB968D992BAC0D9700C610FF /* NavigationManager.swift */,
			);
			path = Managers;
			sourceTree = "<group>";
		};
		FBD358BE2BBBC46C009CBE56 /* ViewModels */ = {
			isa = PBXGroup;
			children = (
				FBD358BF2BBBC485009CBE56 /* ControlCenterViewModel.swift */,
			);
			path = ViewModels;
			sourceTree = "<group>";
		};
/* End PBXGroup section */

/* Begin PBXNativeTarget section */
		FB2F48DC2BA0B74A00650F88 /* SettingCloneApp */ = {
			isa = PBXNativeTarget;
			buildConfigurationList = FB2F48EB2BA0B74B00650F88 /* Build configuration list for PBXNativeTarget "SettingCloneApp" */;
			buildPhases = (
				FB2F48D92BA0B74A00650F88 /* Sources */,
				FB2F48DA2BA0B74A00650F88 /* Frameworks */,
				FB2F48DB2BA0B74A00650F88 /* Resources */,
			);
			buildRules = (
			);
			dependencies = (
			);
			name = SettingCloneApp;
			packageProductDependencies = (
				FBD358C22BBFD57F009CBE56 /* KakaoSDK */,
			);
			productName = SettingCloneApp;
			productReference = FB2F48DD2BA0B74A00650F88 /* SettingCloneApp.app */;
			productType = "com.apple.product-type.application";
		};
/* End PBXNativeTarget section */

/* Begin PBXProject section */
		FB2F48D52BA0B74A00650F88 /* Project object */ = {
			isa = PBXProject;
			attributes = {
				BuildIndependentTargetsInParallel = 1;
				LastSwiftUpdateCheck = 1520;
				LastUpgradeCheck = 1520;
				TargetAttributes = {
					FB2F48DC2BA0B74A00650F88 = {
						CreatedOnToolsVersion = 15.2;
					};
				};
			};
			buildConfigurationList = FB2F48D82BA0B74A00650F88 /* Build configuration list for PBXProject "SettingCloneApp" */;
			compatibilityVersion = "Xcode 14.0";
			developmentRegion = en;
			hasScannedForEncodings = 0;
			knownRegions = (
				en,
				Base,
			);
			mainGroup = FB2F48D42BA0B74A00650F88;
			packageReferences = (
				FBD358C12BBFD57F009CBE56 /* XCRemoteSwiftPackageReference "kakao-ios-sdk" */,
			);
			productRefGroup = FB2F48DE2BA0B74A00650F88 /* Products */;
			projectDirPath = "";
			projectRoot = "";
			targets = (
				FB2F48DC2BA0B74A00650F88 /* SettingCloneApp */,
			);
		};
/* End PBXProject section */

/* Begin PBXResourcesBuildPhase section */
		FB2F48DB2BA0B74A00650F88 /* Resources */ = {
			isa = PBXResourcesBuildPhase;
			buildActionMask = 2147483647;
			files = (
				FB2F48E82BA0B74B00650F88 /* Preview Assets.xcassets in Resources */,
				FB2F48E52BA0B74B00650F88 /* Assets.xcassets in Resources */,
			);
			runOnlyForDeploymentPostprocessing = 0;
		};
/* End PBXResourcesBuildPhase section */

/* Begin PBXSourcesBuildPhase section */
		FB2F48D92BA0B74A00650F88 /* Sources */ = {
			isa = PBXSourcesBuildPhase;
			buildActionMask = 2147483647;
			files = (
				FB968D502BA9D1CC00C610FF /* ControlCenterView.swift in Sources */,
				FB968D8F2BAC026D00C610FF /* SettingView.swift in Sources */,
				FB968D912BAC02D900C610FF /* SettingSection.swift in Sources */,
				FB968DA02BAC172000C610FF /* IconView.swift in Sources */,
				FBD358BB2BB7C472009CBE56 /* SettingEnvironmentData.swift in Sources */,
				FB968D982BAC081400C610FF /* User.swift in Sources */,
				FB968D9E2BAC162B00C610FF /* ToggleRow.swift in Sources */,
				FB2F48E32BA0B74A00650F88 /* ContentView.swift in Sources */,
				FB968D932BAC02FB00C610FF /* Setting.swift in Sources */,
				FBD358C02BBBC485009CBE56 /* ControlCenterViewModel.swift in Sources */,
				FB2F48EF2BA7477100650F88 /* SettingRow.swift in Sources */,
				FB2F48E12BA0B74A00650F88 /* SettingCloneAppApp.swift in Sources */,
				FB968DBB2BB0112000C610FF /* SoundsAndHapticsView.swift in Sources */,
				FBD358BD2BB7EEBA009CBE56 /* ControlCenterItem.swift in Sources */,
				FB968D9C2BAC156F00C610FF /* NavigationLinkRow.swift in Sources */,
				FB968D962BAC076900C610FF /* data.swift in Sources */,
				FB968DA32BAC1A5500C610FF /* ProfileRow.swift in Sources */,
				FB968D9A2BAC0D9700C610FF /* NavigationManager.swift in Sources */,
			);
			runOnlyForDeploymentPostprocessing = 0;
		};
/* End PBXSourcesBuildPhase section */

/* Begin XCBuildConfiguration section */
		FB2F48E92BA0B74B00650F88 /* Debug */ = {
			isa = XCBuildConfiguration;
			buildSettings = {
				ALWAYS_SEARCH_USER_PATHS = NO;
				ASSETCATALOG_COMPILER_GENERATE_SWIFT_ASSET_SYMBOL_EXTENSIONS = YES;
				CLANG_ANALYZER_NONNULL = YES;
				CLANG_ANALYZER_NUMBER_OBJECT_CONVERSION = YES_AGGRESSIVE;
				CLANG_CXX_LANGUAGE_STANDARD = "gnu++20";
				CLANG_ENABLE_MODULES = YES;
				CLANG_ENABLE_OBJC_ARC = YES;
				CLANG_ENABLE_OBJC_WEAK = YES;
				CLANG_WARN_BLOCK_CAPTURE_AUTORELEASING = YES;
				CLANG_WARN_BOOL_CONVERSION = YES;
				CLANG_WARN_COMMA = YES;
				CLANG_WARN_CONSTANT_CONVERSION = YES;
				CLANG_WARN_DEPRECATED_OBJC_IMPLEMENTATIONS = YES;
				CLANG_WARN_DIRECT_OBJC_ISA_USAGE = YES_ERROR;
				CLANG_WARN_DOCUMENTATION_COMMENTS = YES;
				CLANG_WARN_EMPTY_BODY = YES;
				CLANG_WARN_ENUM_CONVERSION = YES;
				CLANG_WARN_INFINITE_RECURSION = YES;
				CLANG_WARN_INT_CONVERSION = YES;
				CLANG_WARN_NON_LITERAL_NULL_CONVERSION = YES;
				CLANG_WARN_OBJC_IMPLICIT_RETAIN_SELF = YES;
				CLANG_WARN_OBJC_LITERAL_CONVERSION = YES;
				CLANG_WARN_OBJC_ROOT_CLASS = YES_ERROR;
				CLANG_WARN_QUOTED_INCLUDE_IN_FRAMEWORK_HEADER = YES;
				CLANG_WARN_RANGE_LOOP_ANALYSIS = YES;
				CLANG_WARN_STRICT_PROTOTYPES = YES;
				CLANG_WARN_SUSPICIOUS_MOVE = YES;
				CLANG_WARN_UNGUARDED_AVAILABILITY = YES_AGGRESSIVE;
				CLANG_WARN_UNREACHABLE_CODE = YES;
				CLANG_WARN__DUPLICATE_METHOD_MATCH = YES;
				COPY_PHASE_STRIP = NO;
				DEBUG_INFORMATION_FORMAT = dwarf;
				ENABLE_STRICT_OBJC_MSGSEND = YES;
				ENABLE_TESTABILITY = YES;
				ENABLE_USER_SCRIPT_SANDBOXING = YES;
				GCC_C_LANGUAGE_STANDARD = gnu17;
				GCC_DYNAMIC_NO_PIC = NO;
				GCC_NO_COMMON_BLOCKS = YES;
				GCC_OPTIMIZATION_LEVEL = 0;
				GCC_PREPROCESSOR_DEFINITIONS = (
					"DEBUG=1",
					"$(inherited)",
				);
				GCC_WARN_64_TO_32_BIT_CONVERSION = YES;
				GCC_WARN_ABOUT_RETURN_TYPE = YES_ERROR;
				GCC_WARN_UNDECLARED_SELECTOR = YES;
				GCC_WARN_UNINITIALIZED_AUTOS = YES_AGGRESSIVE;
				GCC_WARN_UNUSED_FUNCTION = YES;
				GCC_WARN_UNUSED_VARIABLE = YES;
				IPHONEOS_DEPLOYMENT_TARGET = 17.2;
				LOCALIZATION_PREFERS_STRING_CATALOGS = YES;
				MTL_ENABLE_DEBUG_INFO = INCLUDE_SOURCE;
				MTL_FAST_MATH = YES;
				ONLY_ACTIVE_ARCH = YES;
				SDKROOT = iphoneos;
				SWIFT_ACTIVE_COMPILATION_CONDITIONS = "DEBUG $(inherited)";
				SWIFT_OPTIMIZATION_LEVEL = "-Onone";
			};
			name = Debug;
		};
		FB2F48EA2BA0B74B00650F88 /* Release */ = {
			isa = XCBuildConfiguration;
			buildSettings = {
				ALWAYS_SEARCH_USER_PATHS = NO;
				ASSETCATALOG_COMPILER_GENERATE_SWIFT_ASSET_SYMBOL_EXTENSIONS = YES;
				CLANG_ANALYZER_NONNULL = YES;
				CLANG_ANALYZER_NUMBER_OBJECT_CONVERSION = YES_AGGRESSIVE;
				CLANG_CXX_LANGUAGE_STANDARD = "gnu++20";
				CLANG_ENABLE_MODULES = YES;
				CLANG_ENABLE_OBJC_ARC = YES;
				CLANG_ENABLE_OBJC_WEAK = YES;
				CLANG_WARN_BLOCK_CAPTURE_AUTORELEASING = YES;
				CLANG_WARN_BOOL_CONVERSION = YES;
				CLANG_WARN_COMMA = YES;
				CLANG_WARN_CONSTANT_CONVERSION = YES;
				CLANG_WARN_DEPRECATED_OBJC_IMPLEMENTATIONS = YES;
				CLANG_WARN_DIRECT_OBJC_ISA_USAGE = YES_ERROR;
				CLANG_WARN_DOCUMENTATION_COMMENTS = YES;
				CLANG_WARN_EMPTY_BODY = YES;
				CLANG_WARN_ENUM_CONVERSION = YES;
				CLANG_WARN_INFINITE_RECURSION = YES;
				CLANG_WARN_INT_CONVERSION = YES;
				CLANG_WARN_NON_LITERAL_NULL_CONVERSION = YES;
				CLANG_WARN_OBJC_IMPLICIT_RETAIN_SELF = YES;
				CLANG_WARN_OBJC_LITERAL_CONVERSION = YES;
				CLANG_WARN_OBJC_ROOT_CLASS = YES_ERROR;
				CLANG_WARN_QUOTED_INCLUDE_IN_FRAMEWORK_HEADER = YES;
				CLANG_WARN_RANGE_LOOP_ANALYSIS = YES;
				CLANG_WARN_STRICT_PROTOTYPES = YES;
				CLANG_WARN_SUSPICIOUS_MOVE = YES;
				CLANG_WARN_UNGUARDED_AVAILABILITY = YES_AGGRESSIVE;
				CLANG_WARN_UNREACHABLE_CODE = YES;
				CLANG_WARN__DUPLICATE_METHOD_MATCH = YES;
				COPY_PHASE_STRIP = NO;
				DEBUG_INFORMATION_FORMAT = "dwarf-with-dsym";
				ENABLE_NS_ASSERTIONS = NO;
				ENABLE_STRICT_OBJC_MSGSEND = YES;
				ENABLE_USER_SCRIPT_SANDBOXING = YES;
				GCC_C_LANGUAGE_STANDARD = gnu17;
				GCC_NO_COMMON_BLOCKS = YES;
				GCC_WARN_64_TO_32_BIT_CONVERSION = YES;
				GCC_WARN_ABOUT_RETURN_TYPE = YES_ERROR;
				GCC_WARN_UNDECLARED_SELECTOR = YES;
				GCC_WARN_UNINITIALIZED_AUTOS = YES_AGGRESSIVE;
				GCC_WARN_UNUSED_FUNCTION = YES;
				GCC_WARN_UNUSED_VARIABLE = YES;
				IPHONEOS_DEPLOYMENT_TARGET = 17.2;
				LOCALIZATION_PREFERS_STRING_CATALOGS = YES;
				MTL_ENABLE_DEBUG_INFO = NO;
				MTL_FAST_MATH = YES;
				SDKROOT = iphoneos;
				SWIFT_COMPILATION_MODE = wholemodule;
				VALIDATE_PRODUCT = YES;
			};
			name = Release;
		};
		FB2F48EC2BA0B74B00650F88 /* Debug */ = {
			isa = XCBuildConfiguration;
			buildSettings = {
				ASSETCATALOG_COMPILER_APPICON_NAME = AppIcon;
				ASSETCATALOG_COMPILER_GLOBAL_ACCENT_COLOR_NAME = AccentColor;
				CODE_SIGN_STYLE = Automatic;
				CURRENT_PROJECT_VERSION = 1;
				DEVELOPMENT_ASSET_PATHS = "\"SettingCloneApp/Preview Content\"";
				DEVELOPMENT_TEAM = 2UWGKS2UN5;
				ENABLE_PREVIEWS = YES;
				GENERATE_INFOPLIST_FILE = YES;
				INFOPLIST_FILE = SettingCloneApp/Info.plist;
				INFOPLIST_KEY_UIApplicationSceneManifest_Generation = YES;
				INFOPLIST_KEY_UIApplicationSupportsIndirectInputEvents = YES;
				INFOPLIST_KEY_UILaunchScreen_Generation = YES;
				INFOPLIST_KEY_UISupportedInterfaceOrientations_iPad = "UIInterfaceOrientationPortrait UIInterfaceOrientationPortraitUpsideDown UIInterfaceOrientationLandscapeLeft UIInterfaceOrientationLandscapeRight";
				INFOPLIST_KEY_UISupportedInterfaceOrientations_iPhone = "UIInterfaceOrientationPortrait UIInterfaceOrientationLandscapeLeft UIInterfaceOrientationLandscapeRight";
				LD_RUNPATH_SEARCH_PATHS = (
					"$(inherited)",
					"@executable_path/Frameworks",
				);
				MARKETING_VERSION = 1.0;
				PRODUCT_BUNDLE_IDENTIFIER = com.shuwn.SettingCloneApp;
				PRODUCT_NAME = "$(TARGET_NAME)";
				SWIFT_EMIT_LOC_STRINGS = YES;
				SWIFT_VERSION = 5.0;
				TARGETED_DEVICE_FAMILY = "1,2";
			};
			name = Debug;
		};
		FB2F48ED2BA0B74B00650F88 /* Release */ = {
			isa = XCBuildConfiguration;
			buildSettings = {
				ASSETCATALOG_COMPILER_APPICON_NAME = AppIcon;
				ASSETCATALOG_COMPILER_GLOBAL_ACCENT_COLOR_NAME = AccentColor;
				CODE_SIGN_STYLE = Automatic;
				CURRENT_PROJECT_VERSION = 1;
				DEVELOPMENT_ASSET_PATHS = "\"SettingCloneApp/Preview Content\"";
				DEVELOPMENT_TEAM = 2UWGKS2UN5;
				ENABLE_PREVIEWS = YES;
				GENERATE_INFOPLIST_FILE = YES;
				INFOPLIST_FILE = SettingCloneApp/Info.plist;
				INFOPLIST_KEY_UIApplicationSceneManifest_Generation = YES;
				INFOPLIST_KEY_UIApplicationSupportsIndirectInputEvents = YES;
				INFOPLIST_KEY_UILaunchScreen_Generation = YES;
				INFOPLIST_KEY_UISupportedInterfaceOrientations_iPad = "UIInterfaceOrientationPortrait UIInterfaceOrientationPortraitUpsideDown UIInterfaceOrientationLandscapeLeft UIInterfaceOrientationLandscapeRight";
				INFOPLIST_KEY_UISupportedInterfaceOrientations_iPhone = "UIInterfaceOrientationPortrait UIInterfaceOrientationLandscapeLeft UIInterfaceOrientationLandscapeRight";
				LD_RUNPATH_SEARCH_PATHS = (
					"$(inherited)",
					"@executable_path/Frameworks",
				);
				MARKETING_VERSION = 1.0;
				PRODUCT_BUNDLE_IDENTIFIER = com.shuwn.SettingCloneApp;
				PRODUCT_NAME = "$(TARGET_NAME)";
				SWIFT_EMIT_LOC_STRINGS = YES;
				SWIFT_VERSION = 5.0;
				TARGETED_DEVICE_FAMILY = "1,2";
			};
			name = Release;
		};
/* End XCBuildConfiguration section */

/* Begin XCConfigurationList section */
		FB2F48D82BA0B74A00650F88 /* Build configuration list for PBXProject "SettingCloneApp" */ = {
			isa = XCConfigurationList;
			buildConfigurations = (
				FB2F48E92BA0B74B00650F88 /* Debug */,
				FB2F48EA2BA0B74B00650F88 /* Release */,
			);
			defaultConfigurationIsVisible = 0;
			defaultConfigurationName = Release;
		};
		FB2F48EB2BA0B74B00650F88 /* Build configuration list for PBXNativeTarget "SettingCloneApp" */ = {
			isa = XCConfigurationList;
			buildConfigurations = (
				FB2F48EC2BA0B74B00650F88 /* Debug */,
				FB2F48ED2BA0B74B00650F88 /* Release */,
			);
			defaultConfigurationIsVisible = 0;
			defaultConfigurationName = Release;
		};
/* End XCConfigurationList section */

/* Begin XCRemoteSwiftPackageReference section */
		FBD358C12BBFD57F009CBE56 /* XCRemoteSwiftPackageReference "kakao-ios-sdk" */ = {
			isa = XCRemoteSwiftPackageReference;
			repositoryURL = "https://github.com/kakao/kakao-ios-sdk";
			requirement = {
				branch = master;
				kind = branch;
			};
		};
/* End XCRemoteSwiftPackageReference section */

/* Begin XCSwiftPackageProductDependency section */
		FBD358C22BBFD57F009CBE56 /* KakaoSDK */ = {
			isa = XCSwiftPackageProductDependency;
			package = FBD358C12BBFD57F009CBE56 /* XCRemoteSwiftPackageReference "kakao-ios-sdk" */;
			productName = KakaoSDK;
		};
/* End XCSwiftPackageProductDependency section */
	};
	rootObject = FB2F48D52BA0B74A00650F88 /* Project object */;
}
